{
  "version": 4,
  "terraform_version": "1.5.7",
  "serial": 36,
  "lineage": "15036786-f01f-a7a3-c7d9-3d03883352f4",
  "outputs": {},
  "resources": [
    {
      "mode": "managed",
      "type": "azurerm_eventhub",
      "name": "eventhub",
      "provider": "provider[\"registry.terraform.io/hashicorp/azurerm\"]",
      "instances": [
        {
          "schema_version": 0,
          "attributes": {
            "capture_description": [],
            "id": "/subscriptions/dc22d6d8-0495-4653-a69b-edfe16840f8e/resourceGroups/graphchangetracking-pwyzyysl3z58ulc0-rg/providers/Microsoft.EventHub/namespaces/graph-change-tracking-ehns/eventhubs/graph-change-tracking-eh",
            "message_retention": 7,
            "name": "graph-change-tracking-eh",
            "namespace_id": "/subscriptions/dc22d6d8-0495-4653-a69b-edfe16840f8e/resourceGroups/graphchangetracking-pwyzyysl3z58ulc0-rg/providers/Microsoft.EventHub/namespaces/graph-change-tracking-ehns",
            "namespace_name": "graph-change-tracking-ehns",
            "partition_count": 1,
            "partition_ids": [
              "0"
            ],
            "resource_group_name": "graphchangetracking-pwyzyysl3z58ulc0-rg",
            "status": "Active",
            "timeouts": null
          },
          "sensitive_attributes": [],
          "private": "eyJlMmJmYjczMC1lY2FhLTExZTYtOGY4OC0zNDM2M2JjN2M0YzAiOnsiY3JlYXRlIjoxODAwMDAwMDAwMDAwLCJkZWxldGUiOjE4MDAwMDAwMDAwMDAsInJlYWQiOjMwMDAwMDAwMDAwMCwidXBkYXRlIjoxODAwMDAwMDAwMDAwfX0=",
          "dependencies": [
            "azurerm_eventhub_namespace.eventhub_namespace",
            "azurerm_resource_group.resource_group",
            "random_string.unique_string"
          ]
        }
      ]
    },
    {
      "mode": "managed",
      "type": "azurerm_linux_function_app",
      "name": "function_app",
      "provider": "provider[\"registry.terraform.io/hashicorp/azurerm\"]",
      "instances": []
    },
    {
      "mode": "managed",
      "type": "azurerm_resource_group",
      "name": "resource_group",
      "provider": "provider[\"registry.terraform.io/hashicorp/azurerm\"]",
      "instances": [
        {
          "schema_version": 0,
          "attributes": {
            "id": "/subscriptions/dc22d6d8-0495-4653-a69b-edfe16840f8e/resourceGroups/graphchangetracking-pwyzyysl3z58ulc0-rg",
            "location": "eastus2",
            "managed_by": "",
            "name": "graphchangetracking-pwyzyysl3z58ulc0-rg",
            "tags": null,
            "timeouts": null
          },
          "sensitive_attributes": [],
          "private": "eyJlMmJmYjczMC1lY2FhLTExZTYtOGY4OC0zNDM2M2JjN2M0YzAiOnsiY3JlYXRlIjo1NDAwMDAwMDAwMDAwLCJkZWxldGUiOjU0MDAwMDAwMDAwMDAsInJlYWQiOjMwMDAwMDAwMDAwMCwidXBkYXRlIjo1NDAwMDAwMDAwMDAwfX0=",
          "dependencies": [
            "random_string.unique_string"
          ]
        }
      ]
    },
    {
      "mode": "managed",
      "type": "azurerm_storage_account",
      "name": "storage_account",
      "provider": "provider[\"registry.terraform.io/hashicorp/azurerm\"]",
      "instances": [
        {
          "schema_version": 4,
          "attributes": {
            "access_tier": "Hot",
            "account_kind": "StorageV2",
            "account_replication_type": "LRS",
            "account_tier": "Standard",
            "allow_nested_items_to_be_public": true,
            "allowed_copy_scope": "",
            "azure_files_authentication": [],
            "blob_properties": [
              {
                "change_feed_enabled": false,
                "change_feed_retention_in_days": 0,
                "container_delete_retention_policy": [],
                "cors_rule": [],
                "default_service_version": "",
                "delete_retention_policy": [],
                "last_access_time_enabled": false,
                "restore_policy": [],
                "versioning_enabled": false
              }
            ],
            "cross_tenant_replication_enabled": false,
            "custom_domain": [],
            "customer_managed_key": [],
            "default_to_oauth_authentication": false,
            "dns_endpoint_type": "Standard",
            "edge_zone": "",
            "https_traffic_only_enabled": true,
            "id": "/subscriptions/dc22d6d8-0495-4653-a69b-edfe16840f8e/resourceGroups/graphchangetracking-pwyzyysl3z58ulc0-rg/providers/Microsoft.Storage/storageAccounts/pwyzyysl3z58ulc0storage",
            "identity": [],
            "immutability_policy": [],
            "infrastructure_encryption_enabled": false,
            "is_hns_enabled": false,
            "large_file_share_enabled": false,
            "local_user_enabled": true,
            "location": "eastus2",
            "min_tls_version": "TLS1_2",
            "name": "pwyzyysl3z58ulc0storage",
            "network_rules": [],
            "nfsv3_enabled": false,
            "primary_access_key": "/5ax+K+FsVa+ZOwSGEa5Y7mWUN0MUvRrAPTDTQ2Q25t78je7oWMACvpBm+l48MCti98XQwsBElAN+AStYDM6yA==",
            "primary_blob_connection_string": "DefaultEndpointsProtocol=https;BlobEndpoint=https://pwyzyysl3z58ulc0storage.blob.core.windows.net/;AccountName=pwyzyysl3z58ulc0storage;AccountKey=/5ax+K+FsVa+ZOwSGEa5Y7mWUN0MUvRrAPTDTQ2Q25t78je7oWMACvpBm+l48MCti98XQwsBElAN+AStYDM6yA==",
            "primary_blob_endpoint": "https://pwyzyysl3z58ulc0storage.blob.core.windows.net/",
            "primary_blob_host": "pwyzyysl3z58ulc0storage.blob.core.windows.net",
            "primary_blob_internet_endpoint": "",
            "primary_blob_internet_host": "",
            "primary_blob_microsoft_endpoint": "",
            "primary_blob_microsoft_host": "",
            "primary_connection_string": "DefaultEndpointsProtocol=https;AccountName=pwyzyysl3z58ulc0storage;AccountKey=/5ax+K+FsVa+ZOwSGEa5Y7mWUN0MUvRrAPTDTQ2Q25t78je7oWMACvpBm+l48MCti98XQwsBElAN+AStYDM6yA==;EndpointSuffix=core.windows.net",
            "primary_dfs_endpoint": "https://pwyzyysl3z58ulc0storage.dfs.core.windows.net/",
            "primary_dfs_host": "pwyzyysl3z58ulc0storage.dfs.core.windows.net",
            "primary_dfs_internet_endpoint": "",
            "primary_dfs_internet_host": "",
            "primary_dfs_microsoft_endpoint": "",
            "primary_dfs_microsoft_host": "",
            "primary_file_endpoint": "https://pwyzyysl3z58ulc0storage.file.core.windows.net/",
            "primary_file_host": "pwyzyysl3z58ulc0storage.file.core.windows.net",
            "primary_file_internet_endpoint": "",
            "primary_file_internet_host": "",
            "primary_file_microsoft_endpoint": "",
            "primary_file_microsoft_host": "",
            "primary_location": "eastus2",
            "primary_queue_endpoint": "https://pwyzyysl3z58ulc0storage.queue.core.windows.net/",
            "primary_queue_host": "pwyzyysl3z58ulc0storage.queue.core.windows.net",
            "primary_queue_microsoft_endpoint": "",
            "primary_queue_microsoft_host": "",
            "primary_table_endpoint": "https://pwyzyysl3z58ulc0storage.table.core.windows.net/",
            "primary_table_host": "pwyzyysl3z58ulc0storage.table.core.windows.net",
            "primary_table_microsoft_endpoint": "",
            "primary_table_microsoft_host": "",
            "primary_web_endpoint": "https://pwyzyysl3z58ulc0storage.z20.web.core.windows.net/",
            "primary_web_host": "pwyzyysl3z58ulc0storage.z20.web.core.windows.net",
            "primary_web_internet_endpoint": "",
            "primary_web_internet_host": "",
            "primary_web_microsoft_endpoint": "",
            "primary_web_microsoft_host": "",
            "public_network_access_enabled": true,
            "queue_encryption_key_type": "Service",
            "queue_properties": [
              {
                "cors_rule": [],
                "hour_metrics": [
                  {
                    "enabled": true,
                    "include_apis": true,
                    "retention_policy_days": 7,
                    "version": "1.0"
                  }
                ],
                "logging": [
                  {
                    "delete": false,
                    "read": false,
                    "retention_policy_days": 0,
                    "version": "1.0",
                    "write": false
                  }
                ],
                "minute_metrics": [
                  {
                    "enabled": false,
                    "include_apis": false,
                    "retention_policy_days": 0,
                    "version": "1.0"
                  }
                ]
              }
            ],
            "resource_group_name": "graphchangetracking-pwyzyysl3z58ulc0-rg",
            "routing": [],
            "sas_policy": [],
            "secondary_access_key": "C0iHrwp9lckdFtivg/qWZSjtqMGn3T5+M8gYGNOlrflcMSRQt4tvKatT8btj7uQKT9gm/AHkkI17+ASt6X+jtA==",
            "secondary_blob_connection_string": "",
            "secondary_blob_endpoint": "",
            "secondary_blob_host": "",
            "secondary_blob_internet_endpoint": "",
            "secondary_blob_internet_host": "",
            "secondary_blob_microsoft_endpoint": "",
            "secondary_blob_microsoft_host": "",
            "secondary_connection_string": "DefaultEndpointsProtocol=https;AccountName=pwyzyysl3z58ulc0storage;AccountKey=C0iHrwp9lckdFtivg/qWZSjtqMGn3T5+M8gYGNOlrflcMSRQt4tvKatT8btj7uQKT9gm/AHkkI17+ASt6X+jtA==;EndpointSuffix=core.windows.net",
            "secondary_dfs_endpoint": "",
            "secondary_dfs_host": "",
            "secondary_dfs_internet_endpoint": "",
            "secondary_dfs_internet_host": "",
            "secondary_dfs_microsoft_endpoint": "",
            "secondary_dfs_microsoft_host": "",
            "secondary_file_endpoint": "",
            "secondary_file_host": "",
            "secondary_file_internet_endpoint": "",
            "secondary_file_internet_host": "",
            "secondary_file_microsoft_endpoint": "",
            "secondary_file_microsoft_host": "",
            "secondary_location": "",
            "secondary_queue_endpoint": "",
            "secondary_queue_host": "",
            "secondary_queue_microsoft_endpoint": "",
            "secondary_queue_microsoft_host": "",
            "secondary_table_endpoint": "",
            "secondary_table_host": "",
            "secondary_table_microsoft_endpoint": "",
            "secondary_table_microsoft_host": "",
            "secondary_web_endpoint": "",
            "secondary_web_host": "",
            "secondary_web_internet_endpoint": "",
            "secondary_web_internet_host": "",
            "secondary_web_microsoft_endpoint": "",
            "secondary_web_microsoft_host": "",
            "sftp_enabled": false,
            "share_properties": [
              {
                "cors_rule": [],
                "retention_policy": [
                  {
                    "days": 7
                  }
                ],
                "smb": []
              }
            ],
            "shared_access_key_enabled": true,
            "static_website": [],
            "table_encryption_key_type": "Service",
            "tags": null,
            "timeouts": null
          },
          "sensitive_attributes": [],
          "private": "eyJlMmJmYjczMC1lY2FhLTExZTYtOGY4OC0zNDM2M2JjN2M0YzAiOnsiY3JlYXRlIjozNjAwMDAwMDAwMDAwLCJkZWxldGUiOjM2MDAwMDAwMDAwMDAsInJlYWQiOjMwMDAwMDAwMDAwMCwidXBkYXRlIjozNjAwMDAwMDAwMDAwfSwic2NoZW1hX3ZlcnNpb24iOiI0In0=",
          "dependencies": [
            "azurerm_resource_group.resource_group",
            "random_string.unique_string"
          ]
        }
      ]
    },
    {
      "mode": "managed",
      "type": "random_string",
      "name": "unique_string",
      "provider": "provider[\"registry.terraform.io/hashicorp/random\"]",
      "instances": [
        {
          "schema_version": 2,
          "attributes": {
            "id": "pwyzyysl3z58ulc0",
            "keepers": null,
            "length": 16,
            "lower": true,
            "min_lower": 0,
            "min_numeric": 0,
            "min_special": 0,
            "min_upper": 0,
            "number": true,
            "numeric": true,
            "override_special": null,
            "result": "pwyzyysl3z58ulc0",
            "special": false,
            "upper": false
          },
          "sensitive_attributes": []
        }
      ]
    }
  ],
  "check_results": null
}
